github.com/joaovictorsl/bencoding v0.0.0-20240822131649-8f5fd3c8255a h1:btma8rSrJsUu40mtqU6gopF4oe9q0gVmLD+QBJS748E=
github.com/joaovictorsl/bencoding v0.0.0-20240822131649-8f5fd3c8255a/go.mod h1:78gdi0zuv1DxEHXAp62/+s1iEiRHxm95jYf5EYKUvaM=
github.com/joaovictorsl/gorkpool v0.0.0-20240821210553-1bea6b5c435c h1:Uqxa7Ip923OIT4cc50ENcY7yEx5c5YXwSG5r2VIU0Ng=
github.com/joaovictorsl/gorkpool v0.0.0-20240821210553-1bea6b5c435c/go.mod h1:MC7F2O+YZ2Q7HaojBADw/0/z2j3mU9dvFUUK8waEfCM=
github.com/joaovictorsl/gorkpool v0.0.0-20240822134046-cdaba2651124 h1:D7cWbUVKX07AAZST5cWtVfLnH2FeBMS0P0yN9H99zU8=
github.com/joaovictorsl/gorkpool v0.0.0-20240822134046-cdaba2651124/go.mod h1:MC7F2O+YZ2Q7HaojBADw/0/z2j3mU9dvFUUK8waEfCM=
